{
  "version": 4,
  "terraform_version": "1.4.6",
  "serial": 3,
  "lineage": "d4ddce08-d190-9c70-6dc8-af7f5868bf14",
  "outputs": {},
  "resources": [
    {
      "mode": "managed",
      "type": "vercel_project",
      "name": "frontend_vercel_deploy",
      "provider": "provider[\"registry.terraform.io/vercel/vercel\"]",
      "instances": [
        {
          "schema_version": 0,
          "attributes": {
            "build_command": null,
            "dev_command": null,
            "environment": null,
            "framework": null,
            "git_repository": {
              "production_branch": "main",
              "repo": "nandercarmo-plank/onboarding-challenge-frontend",
              "type": "github"
            },
            "id": "prj_8tU7bemkVHQpLJsqzIkESrahluFU",
            "ignore_command": null,
            "install_command": null,
            "name": "onboarding-challenge-frontend",
            "output_directory": null,
            "password_protection": null,
            "public_source": null,
            "root_directory": null,
            "serverless_function_region": "iad1",
            "team_id": null,
            "vercel_authentication": null
          },
          "sensitive_attributes": []
        }
      ]
    }
  ],
  "check_results": null
}
